# This file was autogenerated by Stack.
# You should not edit this file by hand.
# For more information, please see the documentation at:
#   https://docs.haskellstack.org/en/stable/topics/lock_files

packages: []
snapshots:
- completed:
    sha256: 625d4b8b9fb3109e9c11db854a39ea32a874612c2554e343101dfe39a88071f0
    size: 658339
    url: https://raw.githubusercontent.com/commercialhaskell/stackage-snapshots/master/nightly/2025/3/6.yaml
  original: nightly-2025-03-06
