# This file was autogenerated by Stack.
# You should not edit this file by hand.
# For more information, please see the documentation at:
#   https://docs.haskellstack.org/en/stable/lock_files

packages: []
snapshots:
- completed:
    sha256: 0e0dac587cf0201d6c0be2047d6aaeb593b416aa5683e8c47f451c0e5860081b
    size: 678231
    url: https://raw.githubusercontent.com/commercialhaskell/stackage-snapshots/master/nightly/2024/11/12.yaml
  original: nightly-2024-11-12
